
Microsoft Visual Studio Solution File, Format Version 12.00
# Visual Studio Version 17
VisualStudioVersion = 17.7.34003.232
MinimumVisualStudioVersion = 10.0.40219.1
Project("{9A19103F-16F7-4668-BE54-9A1E7A4F7556}") = "CustomRoot", "CustomRoot\CustomRoot.csproj", "{DAC0A170-6019-41B6-A9D4-B173D1C87364}"
EndProject
Project("{9A19103F-16F7-4668-BE54-9A1E7A4F7556}") = "CustomRoot.Desktop", "CustomRoot.Desktop\CustomRoot.Desktop.csproj", "{B7F56178-3743-49CD-BB9F-3012F03F516A}"
EndProject
Global
	GlobalSection(SolutionConfigurationPlatforms) = preSolution
		Debug|Any CPU = Debug|Any CPU
		Release|Any CPU = Release|Any CPU
	EndGlobalSection
	GlobalSection(ProjectConfigurationPlatforms) = postSolution
		{DAC0A170-6019-41B6-A9D4-B173D1C87364}.Debug|Any CPU.ActiveCfg = Debug|Any CPU
		{DAC0A170-6019-41B6-A9D4-B173D1C87364}.Debug|Any CPU.Build.0 = Debug|Any CPU
		{DAC0A170-6019-41B6-A9D4-B173D1C87364}.Release|Any CPU.ActiveCfg = Release|Any CPU
		{DAC0A170-6019-41B6-A9D4-B173D1C87364}.Release|Any CPU.Build.0 = Release|Any CPU
		{B7F56178-3743-49CD-BB9F-3012F03F516A}.Debug|Any CPU.ActiveCfg = Debug|Any CPU
		{B7F56178-3743-49CD-BB9F-3012F03F516A}.Debug|Any CPU.Build.0 = Debug|Any CPU
		{B7F56178-3743-49CD-BB9F-3012F03F516A}.Release|Any CPU.ActiveCfg = Release|Any CPU
		{B7F56178-3743-49CD-BB9F-3012F03F516A}.Release|Any CPU.Build.0 = Release|Any CPU
	EndGlobalSection
	GlobalSection(SolutionProperties) = preSolution
		HideSolutionNode = FALSE
	EndGlobalSection
	GlobalSection(ExtensibilityGlobals) = postSolution
		SolutionGuid = {0C5D4A02-A0DF-47EF-8AF5-B845F633FEAD}
	EndGlobalSection
EndGlobal
